
Microsoft Visual Studio Solution File, Format Version 12.00
# Visual Studio Version 17
VisualStudioVersion = 17.8.34330.188
MinimumVisualStudioVersion = 10.0.40219.1
Project("{FAE04EC0-301F-11D3-BF4B-00C04F79EFBC}") = "DelegatesLambdaLinq", "DelegatesLambdaLinq\DelegatesLambdaLinq.csproj", "{96DB3CB8-9577-4881-89ED-FAC7A956F485}"
EndProject
Global
	GlobalSection(SolutionConfigurationPlatforms) = preSolution
		Debug|Any CPU = Debug|Any CPU
		Release|Any CPU = Release|Any CPU
	EndGlobalSection
	GlobalSection(ProjectConfigurationPlatforms) = postSolution
		{96DB3CB8-9577-4881-89ED-FAC7A956F485}.Debug|Any CPU.ActiveCfg = Debug|Any CPU
		{96DB3CB8-9577-4881-89ED-FAC7A956F485}.Debug|Any CPU.Build.0 = Debug|Any CPU
		{96DB3CB8-9577-4881-89ED-FAC7A956F485}.Release|Any CPU.ActiveCfg = Release|Any CPU
		{96DB3CB8-9577-4881-89ED-FAC7A956F485}.Release|Any CPU.Build.0 = Release|Any CPU
	EndGlobalSection
	GlobalSection(SolutionProperties) = preSolution
		HideSolutionNode = FALSE
	EndGlobalSection
	GlobalSection(ExtensibilityGlobals) = postSolution
		SolutionGuid = {F6F33CB7-51C7-4F56-85BA-F84809260D74}
	EndGlobalSection
EndGlobal
